
Microsoft Visual Studio Solution File, Format Version 12.00
# Visual Studio Version 17
VisualStudioVersion = 17.0.32126.317
MinimumVisualStudioVersion = 10.0.40219.1
Project("{FAE04EC0-301F-11D3-BF4B-00C04F79EFBC}") = "BlogMigracao", "BlogMigracao.csproj", "{49D8266E-CD95-463B-BA5F-70B56B23678D}"
EndProject
Global
	GlobalSection(SolutionConfigurationPlatforms) = preSolution
		Debug|Any CPU = Debug|Any CPU
		Release|Any CPU = Release|Any CPU
	EndGlobalSection
	GlobalSection(ProjectConfigurationPlatforms) = postSolution
		{49D8266E-CD95-463B-BA5F-70B56B23678D}.Debug|Any CPU.ActiveCfg = Debug|Any CPU
		{49D8266E-CD95-463B-BA5F-70B56B23678D}.Debug|Any CPU.Build.0 = Debug|Any CPU
		{49D8266E-CD95-463B-BA5F-70B56B23678D}.Release|Any CPU.ActiveCfg = Release|Any CPU
		{49D8266E-CD95-463B-BA5F-70B56B23678D}.Release|Any CPU.Build.0 = Release|Any CPU
	EndGlobalSection
	GlobalSection(SolutionProperties) = preSolution
		HideSolutionNode = FALSE
	EndGlobalSection
	GlobalSection(ExtensibilityGlobals) = postSolution
		SolutionGuid = {3BF9B2C4-8293-4454-A1B7-73278350C382}
	EndGlobalSection
EndGlobal
